
Microsoft Visual Studio Solution File, Format Version 12.00
# Visual Studio Version 17
VisualStudioVersion = 17.1.32228.430
MinimumVisualStudioVersion = 10.0.40219.1
Project("{FAE04EC0-301F-11D3-BF4B-00C04F79EFBC}") = "StringCoversionBenchmark", "StringCoversionBenchmark.csproj", "{CA2B3623-D7C1-482B-9922-A0E366008921}"
EndProject
Global
	GlobalSection(SolutionConfigurationPlatforms) = preSolution
		Debug|Any CPU = Debug|Any CPU
		Release|Any CPU = Release|Any CPU
	EndGlobalSection
	GlobalSection(ProjectConfigurationPlatforms) = postSolution
		{CA2B3623-D7C1-482B-9922-A0E366008921}.Debug|Any CPU.ActiveCfg = Debug|Any CPU
		{CA2B3623-D7C1-482B-9922-A0E366008921}.Debug|Any CPU.Build.0 = Debug|Any CPU
		{CA2B3623-D7C1-482B-9922-A0E366008921}.Release|Any CPU.ActiveCfg = Release|Any CPU
		{CA2B3623-D7C1-482B-9922-A0E366008921}.Release|Any CPU.Build.0 = Release|Any CPU
	EndGlobalSection
	GlobalSection(SolutionProperties) = preSolution
		HideSolutionNode = FALSE
	EndGlobalSection
	GlobalSection(ExtensibilityGlobals) = postSolution
		SolutionGuid = {1F55AD0C-EB59-429C-96D9-480A8E10F631}
	EndGlobalSection
EndGlobal
